
Microsoft Visual Studio Solution File, Format Version 12.00
# Visual Studio Version 16
VisualStudioVersion = 16.0.31321.278
MinimumVisualStudioVersion = 10.0.40219.1
Project("{9A19103F-16F7-4668-BE54-9A1E7A4F7556}") = "RecordStructBenchmark", "RecordStructBenchmark.csproj", "{C0F8EAB1-29C9-4231-99F2-5DD40AF931B7}"
EndProject
Global
	GlobalSection(SolutionConfigurationPlatforms) = preSolution
		Debug|Any CPU = Debug|Any CPU
		Release|Any CPU = Release|Any CPU
	EndGlobalSection
	GlobalSection(ProjectConfigurationPlatforms) = postSolution
		{C0F8EAB1-29C9-4231-99F2-5DD40AF931B7}.Debug|Any CPU.ActiveCfg = Debug|Any CPU
		{C0F8EAB1-29C9-4231-99F2-5DD40AF931B7}.Debug|Any CPU.Build.0 = Debug|Any CPU
		{C0F8EAB1-29C9-4231-99F2-5DD40AF931B7}.Release|Any CPU.ActiveCfg = Release|Any CPU
		{C0F8EAB1-29C9-4231-99F2-5DD40AF931B7}.Release|Any CPU.Build.0 = Release|Any CPU
	EndGlobalSection
	GlobalSection(SolutionProperties) = preSolution
		HideSolutionNode = FALSE
	EndGlobalSection
	GlobalSection(ExtensibilityGlobals) = postSolution
		SolutionGuid = {1E747986-0697-4C21-82BE-E84850C0687A}
	EndGlobalSection
EndGlobal
