
Microsoft Visual Studio Solution File, Format Version 12.00
# Visual Studio Version 17
VisualStudioVersion = 17.4.33020.496
MinimumVisualStudioVersion = 10.0.40219.1
Project("{FAE04EC0-301F-11D3-BF4B-00C04F79EFBC}") = "VoltageFrequencyTester", "VoltageFrequencyTester\VoltageFrequencyTester.csproj", "{9C80CEC3-10EB-44AB-96E1-5B5B60794675}"
EndProject
Global
	GlobalSection(SolutionConfigurationPlatforms) = preSolution
		Debug|Any CPU = Debug|Any CPU
		Release|Any CPU = Release|Any CPU
	EndGlobalSection
	GlobalSection(ProjectConfigurationPlatforms) = postSolution
		{9C80CEC3-10EB-44AB-96E1-5B5B60794675}.Debug|Any CPU.ActiveCfg = Debug|Any CPU
		{9C80CEC3-10EB-44AB-96E1-5B5B60794675}.Debug|Any CPU.Build.0 = Debug|Any CPU
		{9C80CEC3-10EB-44AB-96E1-5B5B60794675}.Release|Any CPU.ActiveCfg = Release|Any CPU
		{9C80CEC3-10EB-44AB-96E1-5B5B60794675}.Release|Any CPU.Build.0 = Release|Any CPU
	EndGlobalSection
	GlobalSection(SolutionProperties) = preSolution
		HideSolutionNode = FALSE
	EndGlobalSection
	GlobalSection(ExtensibilityGlobals) = postSolution
		SolutionGuid = {4D494F62-79E9-441F-A5BD-B5BB513235C7}
	EndGlobalSection
EndGlobal
