
Microsoft Visual Studio Solution File, Format Version 12.00
# Visual Studio Version 17
VisualStudioVersion = 17.9.34701.34
MinimumVisualStudioVersion = 10.0.40219.1
Project("{9A19103F-16F7-4668-BE54-9A1E7A4F7556}") = "OnnxRuntimeGenAiDemo", "OnnxRuntimeGenAiDemo.csproj", "{5C60E0C3-284B-4870-8321-4760A03639E4}"
EndProject
Global
	GlobalSection(SolutionConfigurationPlatforms) = preSolution
		Debug|Any CPU = Debug|Any CPU
		Release|Any CPU = Release|Any CPU
	EndGlobalSection
	GlobalSection(ProjectConfigurationPlatforms) = postSolution
		{5C60E0C3-284B-4870-8321-4760A03639E4}.Debug|Any CPU.ActiveCfg = Debug|Any CPU
		{5C60E0C3-284B-4870-8321-4760A03639E4}.Debug|Any CPU.Build.0 = Debug|Any CPU
		{5C60E0C3-284B-4870-8321-4760A03639E4}.Release|Any CPU.ActiveCfg = Release|Any CPU
		{5C60E0C3-284B-4870-8321-4760A03639E4}.Release|Any CPU.Build.0 = Release|Any CPU
	EndGlobalSection
	GlobalSection(SolutionProperties) = preSolution
		HideSolutionNode = FALSE
	EndGlobalSection
	GlobalSection(ExtensibilityGlobals) = postSolution
		SolutionGuid = {67BB6962-CAD3-4C86-BB81-79248C46DE15}
	EndGlobalSection
EndGlobal
